
Microsoft Visual Studio Solution File, Format Version 12.00
# Visual Studio Version 17
VisualStudioVersion = 17.0.32112.339
MinimumVisualStudioVersion = 10.0.40219.1
Project("{FAE04EC0-301F-11D3-BF4B-00C04F79EFBC}") = "CountingSort", "CountingSort.csproj", "{722D7406-5715-40DB-9D58-F818EBF0B356}"
EndProject
Global
	GlobalSection(SolutionConfigurationPlatforms) = preSolution
		Debug|Any CPU = Debug|Any CPU
		Release|Any CPU = Release|Any CPU
	EndGlobalSection
	GlobalSection(ProjectConfigurationPlatforms) = postSolution
		{722D7406-5715-40DB-9D58-F818EBF0B356}.Debug|Any CPU.ActiveCfg = Debug|Any CPU
		{722D7406-5715-40DB-9D58-F818EBF0B356}.Debug|Any CPU.Build.0 = Debug|Any CPU
		{722D7406-5715-40DB-9D58-F818EBF0B356}.Release|Any CPU.ActiveCfg = Release|Any CPU
		{722D7406-5715-40DB-9D58-F818EBF0B356}.Release|Any CPU.Build.0 = Release|Any CPU
	EndGlobalSection
	GlobalSection(SolutionProperties) = preSolution
		HideSolutionNode = FALSE
	EndGlobalSection
	GlobalSection(ExtensibilityGlobals) = postSolution
		SolutionGuid = {189D0184-B16E-4284-BEF7-56CD5E3C8A02}
	EndGlobalSection
EndGlobal
